{
  "version": "4",
  "specifiers": {
    "jsr:@std/assert@*": "1.0.9",
    "jsr:@std/internal@^1.0.5": "1.0.5"
  },
  "jsr": {
    "@std/assert@1.0.9": {
      "integrity": "a9f0c611a869cc791b26f523eec54c7e187aab7932c2c8e8bea0622d13680dcd",
      "dependencies": [
        "jsr:@std/internal"
      ]
    },
    "@std/internal@1.0.5": {
      "integrity": "54a546004f769c1ac9e025abd15a76b6671ddc9687e2313b67376125650dc7ba"
    }
  },
  "workspace": {
    "packageJson": {
      "dependencies": [
        "npm:@rapidjs.org/releasing@0",
        "npm:husky@^9.0.11",
        "npm:lint-staged@^15.2.2",
        "npm:loadtest@^8.0.9"
      ]
    },
    "members": {
      "packages/adapters": {
        "packageJson": {
          "dependencies": [
            "npm:@rapidjs.org/testing-unit@0",
            "npm:@rapidjs.org/testing@0",
            "npm:@types/node@^20.10.6",
            "npm:typescript@^5.3.3"
          ]
        }
      },
      "packages/rjs": {
        "packageJson": {
          "dependencies": [
            "npm:@types/node@^20.10.6",
            "npm:typescript@^5.3.3"
          ]
        }
      },
      "packages/rjs-build": {
        "packageJson": {
          "dependencies": [
            "npm:@rapidjs.org/testing-unit@0",
            "npm:@rapidjs.org/testing@0",
            "npm:@types/node@^20.10.6",
            "npm:typescript@^5.3.3"
          ]
        }
      },
      "packages/rjs-handler": {
        "packageJson": {
          "dependencies": [
            "npm:@types/node@^20.10.6",
            "npm:typescript@^5.3.3"
          ]
        }
      },
      "packages/rjs-process": {
        "packageJson": {
          "dependencies": [
            "npm:@types/node@^20.10.6",
            "npm:typescript@^5.3.3"
          ]
        }
      },
      "packages/rjs-server": {
        "packageJson": {
          "dependencies": [
            "npm:@rapidjs.org/testing-http@0",
            "npm:@rapidjs.org/testing@0",
            "npm:@types/node@^20.10.6",
            "npm:typescript@^5.3.3"
          ]
        }
      }
    }
  }
}
