{
  "version": "4",
  "specifiers": {
    "jsr:@std/assert@*": "1.0.9",
    "jsr:@std/fs@*": "1.0.13",
    "jsr:@std/internal@^1.0.5": "1.0.5",
    "jsr:@std/path@*": "1.0.8"
  },
  "jsr": {
    "@std/assert@1.0.9": {
      "integrity": "a9f0c611a869cc791b26f523eec54c7e187aab7932c2c8e8bea0622d13680dcd",
      "dependencies": [
        "jsr:@std/internal"
      ]
    },
    "@std/fs@1.0.13": {
      "integrity": "756d3ff0ade91c9e72b228e8012b6ff00c3d4a4ac9c642c4dac083536bf6c605"
    },
    "@std/internal@1.0.5": {
      "integrity": "54a546004f769c1ac9e025abd15a76b6671ddc9687e2313b67376125650dc7ba"
    },
    "@std/path@1.0.8": {
      "integrity": "548fa456bb6a04d3c1a1e7477986b6cffbce95102d0bb447c67c4ee70e0364be"
    }
  },
  "workspace": {
    "packageJson": {
      "dependencies": [
        "npm:@rapidjs.org/releasing@0",
        "npm:husky@^9.0.11",
        "npm:lint-staged@^15.2.2",
        "npm:loadtest@^8.0.9"
      ]
    },
    "members": {
      "packages/adapters": {
        "packageJson": {
          "dependencies": [
            "npm:@rapidjs.org/testing-unit@0",
            "npm:@rapidjs.org/testing@0",
            "npm:@types/node@^20.10.6",
            "npm:typescript@^5.3.3"
          ]
        }
      },
      "packages/pool": {
        "packageJson": {
          "dependencies": [
            "npm:@rapidjs.org/testing-unit@0",
            "npm:@rapidjs.org/testing@0",
            "npm:@types/node@^20.10.6",
            "npm:typescript@^5.3.3"
          ]
        }
      },
      "packages/rjs": {
        "packageJson": {
          "dependencies": [
            "npm:@types/node@^20.10.6",
            "npm:typescript@^5.3.3"
          ]
        }
      },
      "packages/rjs-build": {
        "packageJson": {
          "dependencies": [
            "npm:@rapidjs.org/adapters@0",
            "npm:@rapidjs.org/testing-unit@0",
            "npm:@rapidjs.org/testing@0",
            "npm:@types/node@^20.10.6",
            "npm:typescript@^5.3.3"
          ]
        }
      },
      "packages/rjs-handler": {
        "packageJson": {
          "dependencies": [
            "npm:@rapidjs.org/adapters@0",
            "npm:@types/node@^20.10.6",
            "npm:typescript@^5.3.3"
          ]
        }
      },
      "packages/rjs-proxy": {
        "packageJson": {
          "dependencies": [
            "npm:@rapidjs.org/adapters@0",
            "npm:@rapidjs.org/testing-http@0",
            "npm:@rapidjs.org/testing@0",
            "npm:@types/node@^20.10.6",
            "npm:typescript@^5.3.3"
          ]
        }
      },
      "packages/rjs-server": {
        "packageJson": {
          "dependencies": [
            "npm:@rapidjs.org/adapters@0",
            "npm:@rapidjs.org/handler@0",
            "npm:@types/node@^20.10.6",
            "npm:typescript@^5.3.3"
          ]
        }
      }
    }
  }
}
